
Microsoft Visual Studio Solution File, Format Version 12.00
# Visual Studio Version 17
VisualStudioVersion = 17.10.35122.118
MinimumVisualStudioVersion = 10.0.40219.1
Project("{9A19103F-16F7-4668-BE54-9A1E7A4F7556}") = "Carola.EntityLayer", "Carola.EntityLayer\Carola.EntityLayer.csproj", "{1A574A88-154B-474F-A9F6-12CAC17727D5}"
EndProject
Project("{9A19103F-16F7-4668-BE54-9A1E7A4F7556}") = "Carola.DataAccessLayer", "Carola.DataAccessLayer\Carola.DataAccessLayer.csproj", "{798B622C-4F52-4DC2-9541-8DDE58805967}"
EndProject
Project("{9A19103F-16F7-4668-BE54-9A1E7A4F7556}") = "Carola.BusinessLayer", "Carola.BusinessLayer\Carola.BusinessLayer.csproj", "{C9BC1510-610C-4573-8440-196C36066ED7}"
EndProject
Project("{9A19103F-16F7-4668-BE54-9A1E7A4F7556}") = "Carola.WebUI", "Carola.WebUI\Carola.WebUI.csproj", "{B16F7836-02BB-4A30-B111-F4D3749788ED}"
EndProject
Project("{FAE04EC0-301F-11D3-BF4B-00C04F79EFBC}") = "Carola.DtoLayer", "Carola.DtoLayer\Carola.DtoLayer.csproj", "{CAFDB77A-FEED-4D01-9A55-5C5602F5AA61}"
EndProject
Global
	GlobalSection(SolutionConfigurationPlatforms) = preSolution
		Debug|Any CPU = Debug|Any CPU
		Release|Any CPU = Release|Any CPU
	EndGlobalSection
	GlobalSection(ProjectConfigurationPlatforms) = postSolution
		{1A574A88-154B-474F-A9F6-12CAC17727D5}.Debug|Any CPU.ActiveCfg = Debug|Any CPU
		{1A574A88-154B-474F-A9F6-12CAC17727D5}.Debug|Any CPU.Build.0 = Debug|Any CPU
		{1A574A88-154B-474F-A9F6-12CAC17727D5}.Release|Any CPU.ActiveCfg = Release|Any CPU
		{1A574A88-154B-474F-A9F6-12CAC17727D5}.Release|Any CPU.Build.0 = Release|Any CPU
		{798B622C-4F52-4DC2-9541-8DDE58805967}.Debug|Any CPU.ActiveCfg = Debug|Any CPU
		{798B622C-4F52-4DC2-9541-8DDE58805967}.Debug|Any CPU.Build.0 = Debug|Any CPU
		{798B622C-4F52-4DC2-9541-8DDE58805967}.Release|Any CPU.ActiveCfg = Release|Any CPU
		{798B622C-4F52-4DC2-9541-8DDE58805967}.Release|Any CPU.Build.0 = Release|Any CPU
		{C9BC1510-610C-4573-8440-196C36066ED7}.Debug|Any CPU.ActiveCfg = Debug|Any CPU
		{C9BC1510-610C-4573-8440-196C36066ED7}.Debug|Any CPU.Build.0 = Debug|Any CPU
		{C9BC1510-610C-4573-8440-196C36066ED7}.Release|Any CPU.ActiveCfg = Release|Any CPU
		{C9BC1510-610C-4573-8440-196C36066ED7}.Release|Any CPU.Build.0 = Release|Any CPU
		{B16F7836-02BB-4A30-B111-F4D3749788ED}.Debug|Any CPU.ActiveCfg = Debug|Any CPU
		{B16F7836-02BB-4A30-B111-F4D3749788ED}.Debug|Any CPU.Build.0 = Debug|Any CPU
		{B16F7836-02BB-4A30-B111-F4D3749788ED}.Release|Any CPU.ActiveCfg = Release|Any CPU
		{B16F7836-02BB-4A30-B111-F4D3749788ED}.Release|Any CPU.Build.0 = Release|Any CPU
		{CAFDB77A-FEED-4D01-9A55-5C5602F5AA61}.Debug|Any CPU.ActiveCfg = Debug|Any CPU
		{CAFDB77A-FEED-4D01-9A55-5C5602F5AA61}.Debug|Any CPU.Build.0 = Debug|Any CPU
		{CAFDB77A-FEED-4D01-9A55-5C5602F5AA61}.Release|Any CPU.ActiveCfg = Release|Any CPU
		{CAFDB77A-FEED-4D01-9A55-5C5602F5AA61}.Release|Any CPU.Build.0 = Release|Any CPU
	EndGlobalSection
	GlobalSection(SolutionProperties) = preSolution
		HideSolutionNode = FALSE
	EndGlobalSection
	GlobalSection(ExtensibilityGlobals) = postSolution
		SolutionGuid = {622D7BBA-D6CB-4099-9EAB-75520829A178}
	EndGlobalSection
EndGlobal
